
Microsoft Visual Studio Solution File, Format Version 12.00
# Visual Studio Version 16
VisualStudioVersion = 16.0.32602.291
MinimumVisualStudioVersion = 10.0.40219.1
Project("{FAE04EC0-301F-11D3-BF4B-00C04F79EFBC}") = "BookMyTrainAPI", "BookMyTrainAPI.csproj", "{76CC885D-B7D8-4003-9502-ADA80D216E5D}"
EndProject
Global
	GlobalSection(SolutionConfigurationPlatforms) = preSolution
		Debug|Any CPU = Debug|Any CPU
		Release|Any CPU = Release|Any CPU
	EndGlobalSection
	GlobalSection(ProjectConfigurationPlatforms) = postSolution
		{76CC885D-B7D8-4003-9502-ADA80D216E5D}.Debug|Any CPU.ActiveCfg = Debug|Any CPU
		{76CC885D-B7D8-4003-9502-ADA80D216E5D}.Debug|Any CPU.Build.0 = Debug|Any CPU
		{76CC885D-B7D8-4003-9502-ADA80D216E5D}.Release|Any CPU.ActiveCfg = Release|Any CPU
		{76CC885D-B7D8-4003-9502-ADA80D216E5D}.Release|Any CPU.Build.0 = Release|Any CPU
	EndGlobalSection
	GlobalSection(SolutionProperties) = preSolution
		HideSolutionNode = FALSE
	EndGlobalSection
	GlobalSection(ExtensibilityGlobals) = postSolution
		SolutionGuid = {E63DD24A-A825-448E-976D-9D38E4FD38E9}
	EndGlobalSection
EndGlobal
