
Microsoft Visual Studio Solution File, Format Version 12.00
# Visual Studio Version 16
VisualStudioVersion = 16.0.32602.291
MinimumVisualStudioVersion = 10.0.40219.1
Project("{9A19103F-16F7-4668-BE54-9A1E7A4F7556}") = "BookMyTrainAdminClientApp", "BookMyTrainAdminClientApp.csproj", "{886B3A1E-DC0D-4A02-9B95-2069E6B31F30}"
EndProject
Global
	GlobalSection(SolutionConfigurationPlatforms) = preSolution
		Debug|Any CPU = Debug|Any CPU
		Release|Any CPU = Release|Any CPU
	EndGlobalSection
	GlobalSection(ProjectConfigurationPlatforms) = postSolution
		{886B3A1E-DC0D-4A02-9B95-2069E6B31F30}.Debug|Any CPU.ActiveCfg = Debug|Any CPU
		{886B3A1E-DC0D-4A02-9B95-2069E6B31F30}.Debug|Any CPU.Build.0 = Debug|Any CPU
		{886B3A1E-DC0D-4A02-9B95-2069E6B31F30}.Release|Any CPU.ActiveCfg = Release|Any CPU
		{886B3A1E-DC0D-4A02-9B95-2069E6B31F30}.Release|Any CPU.Build.0 = Release|Any CPU
	EndGlobalSection
	GlobalSection(SolutionProperties) = preSolution
		HideSolutionNode = FALSE
	EndGlobalSection
	GlobalSection(ExtensibilityGlobals) = postSolution
		SolutionGuid = {66FB5A3E-ACB3-42CB-A6CF-CD0ED1091E92}
	EndGlobalSection
EndGlobal
