
Microsoft Visual Studio Solution File, Format Version 12.00
# Visual Studio Version 16
VisualStudioVersion = 16.0.32602.291
MinimumVisualStudioVersion = 10.0.40219.1
Project("{FAE04EC0-301F-11D3-BF4B-00C04F79EFBC}") = "BookMyTrainApp", "BookMyTrainApp.csproj", "{747BA505-80F9-4431-B777-9746BFBDE080}"
EndProject
Global
	GlobalSection(SolutionConfigurationPlatforms) = preSolution
		Debug|Any CPU = Debug|Any CPU
		Release|Any CPU = Release|Any CPU
	EndGlobalSection
	GlobalSection(ProjectConfigurationPlatforms) = postSolution
		{747BA505-80F9-4431-B777-9746BFBDE080}.Debug|Any CPU.ActiveCfg = Debug|Any CPU
		{747BA505-80F9-4431-B777-9746BFBDE080}.Debug|Any CPU.Build.0 = Debug|Any CPU
		{747BA505-80F9-4431-B777-9746BFBDE080}.Release|Any CPU.ActiveCfg = Release|Any CPU
		{747BA505-80F9-4431-B777-9746BFBDE080}.Release|Any CPU.Build.0 = Release|Any CPU
	EndGlobalSection
	GlobalSection(SolutionProperties) = preSolution
		HideSolutionNode = FALSE
	EndGlobalSection
	GlobalSection(ExtensibilityGlobals) = postSolution
		SolutionGuid = {02BF162B-AE87-4D63-B320-48F9A47A0F50}
	EndGlobalSection
EndGlobal
