
Microsoft Visual Studio Solution File, Format Version 12.00
# Visual Studio Version 16
VisualStudioVersion = 16.0.32602.291
MinimumVisualStudioVersion = 10.0.40219.1
Project("{FAE04EC0-301F-11D3-BF4B-00C04F79EFBC}") = "DigitalBankAPI", "DigitalBankAPI.csproj", "{C465CBB8-A7EF-4AD2-86EB-ED8DC0117B0B}"
EndProject
Global
	GlobalSection(SolutionConfigurationPlatforms) = preSolution
		Debug|Any CPU = Debug|Any CPU
		Release|Any CPU = Release|Any CPU
	EndGlobalSection
	GlobalSection(ProjectConfigurationPlatforms) = postSolution
		{C465CBB8-A7EF-4AD2-86EB-ED8DC0117B0B}.Debug|Any CPU.ActiveCfg = Debug|Any CPU
		{C465CBB8-A7EF-4AD2-86EB-ED8DC0117B0B}.Debug|Any CPU.Build.0 = Debug|Any CPU
		{C465CBB8-A7EF-4AD2-86EB-ED8DC0117B0B}.Release|Any CPU.ActiveCfg = Release|Any CPU
		{C465CBB8-A7EF-4AD2-86EB-ED8DC0117B0B}.Release|Any CPU.Build.0 = Release|Any CPU
	EndGlobalSection
	GlobalSection(SolutionProperties) = preSolution
		HideSolutionNode = FALSE
	EndGlobalSection
	GlobalSection(ExtensibilityGlobals) = postSolution
		SolutionGuid = {B9A29264-0F7C-4219-B2F6-648A1CF44490}
	EndGlobalSection
EndGlobal
